
Microsoft Visual Studio Solution File, Format Version 12.00
# Visual Studio Version 16
VisualStudioVersion = 16.0.33027.164
MinimumVisualStudioVersion = 10.0.40219.1
Project("{FAE04EC0-301F-11D3-BF4B-00C04F79EFBC}") = "TFI_Macias_2023", "TFI_Macias_2023\TFI_Macias_2023.csproj", "{515B78DB-2782-477D-A6E5-53C1446DA5A9}"
EndProject
Global
	GlobalSection(SolutionConfigurationPlatforms) = preSolution
		Debug|Any CPU = Debug|Any CPU
		Release|Any CPU = Release|Any CPU
	EndGlobalSection
	GlobalSection(ProjectConfigurationPlatforms) = postSolution
		{515B78DB-2782-477D-A6E5-53C1446DA5A9}.Debug|Any CPU.ActiveCfg = Debug|Any CPU
		{515B78DB-2782-477D-A6E5-53C1446DA5A9}.Debug|Any CPU.Build.0 = Debug|Any CPU
		{515B78DB-2782-477D-A6E5-53C1446DA5A9}.Release|Any CPU.ActiveCfg = Release|Any CPU
		{515B78DB-2782-477D-A6E5-53C1446DA5A9}.Release|Any CPU.Build.0 = Release|Any CPU
	EndGlobalSection
	GlobalSection(SolutionProperties) = preSolution
		HideSolutionNode = FALSE
	EndGlobalSection
	GlobalSection(ExtensibilityGlobals) = postSolution
		SolutionGuid = {56E5DB1E-E164-4968-973D-51055BDEA282}
	EndGlobalSection
EndGlobal
